github.com/BrownNPC/things.go/cmd v0.0.0-20260702150020-f9358f0aff5b h1:/CqqFqImfL5o9q4DxVhRQ/yS945IS2Ip7SdLRZpBem0=
github.com/BrownNPC/things.go/cmd v0.0.0-20260702150020-f9358f0aff5b/go.mod h1:yrGLHTW0XAAAdF7VKiJY9RA/PhcD8NoXxQP2nRPPe9g=
github.com/dave/jennifer v1.7.1 h1:B4jJJDHelWcDhlRQxWeo0Npa/pYKBLrirAQoTN45txo=
github.com/dave/jennifer v1.7.1/go.mod h1:nXbxhEmQfOZhWml3D1cDK5M1FLnMSozpbFN/m3RmGZc=
github.com/ebitengine/purego v0.10.0 h1:QIw4xfpWT6GWTzaW5XEKy3HXoqrJGx1ijYHzTF0/ISU=
github.com/ebitengine/purego v0.10.0/go.mod h1:iIjxzd6CiRiOG0UyXP+V1+jWqUXVjPKLAI0mRfJZTmQ=
github.com/gen2brain/raylib-go/raylib v0.60.0 h1:KsP7W3EMkmb9zztivdgbh1bXR78pEuqP6jeUR8GCbEA=
github.com/gen2brain/raylib-go/raylib v0.60.0/go.mod h1:puAMU7Zcx6VJ6pcZSSs3gGFPyFvJuTwQlfm4KzeoXy8=
github.com/jakecoffman/cp/v2 v2.4.0 h1:Mf5SIl1/mV4igtTWnSF4LqJ5LyYNdOiqyF/qKCkDiYU=
github.com/jakecoffman/cp/v2 v2.4.0/go.mod h1:6lPSBgxx6+//RIlSaMH3XaXtcCwPY1ZCJox1ThK5bZw=
github.com/jupiterrider/ffi v0.7.0 h1:RKsl6Ascal+3kyAqR5Qcbp83LceQMLc1VZbPfHWoNzs=
github.com/jupiterrider/ffi v0.7.0/go.mod h1:9dauhpOfNqrqk28fxuu0kkdeFtT9Qr4vbfigiuIXN7c=
golang.org/x/exp v0.0.0-20240506185415-9bf2ced13842 h1:vr/HnozRka3pE4EsMEg1lgkXJkTFJCVUX+S/ZT6wYzM=
golang.org/x/exp v0.0.0-20240506185415-9bf2ced13842/go.mod h1:XtvwrStGgqGPLc4cjQfWqZHG1YFdYs6swckp8vpsjnc=
